
Microsoft Visual Studio Solution File, Format Version 12.00
# Visual Studio Version 16
VisualStudioVersion = 16.0.29613.14
MinimumVisualStudioVersion = 10.0.40219.1
Project("{FAE04EC0-301F-11D3-BF4B-00C04F79EFBC}") = "sumOfOddNumber", "sumOfOddNumber\sumOfOddNumber.csproj", "{C65C4BF8-A847-4386-B31F-408EAF9E707C}"
EndProject
Global
	GlobalSection(SolutionConfigurationPlatforms) = preSolution
		Debug|Any CPU = Debug|Any CPU
		Release|Any CPU = Release|Any CPU
	EndGlobalSection
	GlobalSection(ProjectConfigurationPlatforms) = postSolution
		{C65C4BF8-A847-4386-B31F-408EAF9E707C}.Debug|Any CPU.ActiveCfg = Debug|Any CPU
		{C65C4BF8-A847-4386-B31F-408EAF9E707C}.Debug|Any CPU.Build.0 = Debug|Any CPU
		{C65C4BF8-A847-4386-B31F-408EAF9E707C}.Release|Any CPU.ActiveCfg = Release|Any CPU
		{C65C4BF8-A847-4386-B31F-408EAF9E707C}.Release|Any CPU.Build.0 = Release|Any CPU
	EndGlobalSection
	GlobalSection(SolutionProperties) = preSolution
		HideSolutionNode = FALSE
	EndGlobalSection
	GlobalSection(ExtensibilityGlobals) = postSolution
		SolutionGuid = {0849C33D-E35C-4443-8920-9A4B1AEDDA4D}
	EndGlobalSection
EndGlobal
